
Microsoft Visual Studio Solution File, Format Version 12.00
# Visual Studio Version 16
VisualStudioVersion = 16.0.31105.61
MinimumVisualStudioVersion = 10.0.40219.1
Project("{FAE04EC0-301F-11D3-BF4B-00C04F79EFBC}") = "WeatherService", "WeatherService\WeatherService.csproj", "{47C6A303-69B1-41FB-8786-73A64633718A}"
EndProject
Global
	GlobalSection(SolutionConfigurationPlatforms) = preSolution
		Debug|Any CPU = Debug|Any CPU
		Release|Any CPU = Release|Any CPU
	EndGlobalSection
	GlobalSection(ProjectConfigurationPlatforms) = postSolution
		{47C6A303-69B1-41FB-8786-73A64633718A}.Debug|Any CPU.ActiveCfg = Debug|Any CPU
		{47C6A303-69B1-41FB-8786-73A64633718A}.Debug|Any CPU.Build.0 = Debug|Any CPU
		{47C6A303-69B1-41FB-8786-73A64633718A}.Release|Any CPU.ActiveCfg = Release|Any CPU
		{47C6A303-69B1-41FB-8786-73A64633718A}.Release|Any CPU.Build.0 = Release|Any CPU
	EndGlobalSection
	GlobalSection(SolutionProperties) = preSolution
		HideSolutionNode = FALSE
	EndGlobalSection
	GlobalSection(ExtensibilityGlobals) = postSolution
		SolutionGuid = {C47E2D9F-44FA-4FC2-B87E-F08E6B44C0C8}
	EndGlobalSection
EndGlobal
